{
  "version": 4,
  "terraform_version": "0.13.2",
  "serial": 8,
  "lineage": "94e9580f-17a0-0258-43d0-2da8f851f2e5",
  "outputs": {
    "external_ip_address_vm_1": {
      "value": "178.154.255.51",
      "type": "string"
    },
    "internal_ip_address_vm_1": {
      "value": "10.10.11.7",
      "type": "string"
    }
  },
  "resources": [
    {
      "mode": "managed",
      "type": "yandex_compute_instance",
      "name": "vm-1",
      "provider": "provider[\"terraform-registry.storage.yandexcloud.net/yandex-cloud/yandex\"]",
      "instances": [
        {
          "schema_version": 1,
          "attributes": {
            "allow_stopping_for_update": null,
            "boot_disk": [
              {
                "auto_delete": true,
                "device_name": "fhmvdke7h4lvcmisnu8l",
                "disk_id": "fhmvdke7h4lvcmisnu8l",
                "initialize_params": [
                  {
                    "block_size": 4096,
                    "description": "",
                    "image_id": "fd8ovo09vrcggmpqjm4v",
                    "name": "",
                    "size": 20,
                    "snapshot_id": "",
                    "type": "network-hdd"
                  }
                ],
                "mode": "READ_WRITE"
              }
            ],
            "created_at": "2022-03-10T14:04:00Z",
            "description": "",
            "folder_id": "b1gupte6966brgu87rp5",
            "fqdn": "fhmd2js4gjp0foem6stu.auto.internal",
            "hostname": "fhmd2js4gjp0foem6stu",
            "id": "fhmd2js4gjp0foem6stu",
            "labels": null,
            "metadata": {
              "serial-port-enable": "1",
              "ssh-keys": "ubuntu:ssh-rsa AAAAB3NzaC1yc2EAAAADAQABAAABAQC6OmIPzUQVtIz0wlMf9Jr8HBD/OOw06jdPt/CTRnZ8ApUzFiDJgfBUYXLH2tyvYyP8TQpNy1mrPaGNkWhngqErImCd+sVO2o30yXvTnMcj6dfdPvEhPw0aULFrKIa5i9MAwDoylvPLREYZiUryXSgvi2LpS2xbaDkeziMxs9SXivO9zcBb+9SGgV6aUe4bHRaFCPSgjJ9137O7bnmVuyHiJRG7z1/gKBE4tEz5yHvOW8KNrUzXXTlZDuf7YNDKlte0sFtyYhrrt9OVEMBnOs+/VFIr9V2sBzweeBeLuc7zkbeaI9gEE022oOdIguDFUDc6Wbo2t9ZWeAxaPM+CODy3 yuriy@jh\n"
            },
            "name": "noc-node-ubuntu20-19",
            "network_acceleration_type": "standard",
            "network_interface": [
              {
                "dns_record": [],
                "index": 0,
                "ip_address": "10.10.11.7",
                "ipv4": true,
                "ipv6": false,
                "ipv6_address": "",
                "ipv6_dns_record": [],
                "mac_address": "d0:0d:d1:4f:84:84",
                "nat": true,
                "nat_dns_record": [],
                "nat_ip_address": "178.154.255.51",
                "nat_ip_version": "IPV4",
                "security_group_ids": [],
                "subnet_id": "e9bbooro15b4mahufr34"
              }
            ],
            "placement_policy": [
              {
                "placement_group_id": ""
              }
            ],
            "platform_id": "standard-v2",
            "resources": [
              {
                "core_fraction": 100,
                "cores": 4,
                "gpus": 0,
                "memory": 8
              }
            ],
            "scheduling_policy": [
              {
                "preemptible": true
              }
            ],
            "secondary_disk": [],
            "service_account_id": "",
            "status": "running",
            "timeouts": {
              "create": "10m",
              "delete": "10m",
              "update": null
            },
            "zone": "ru-central1-a"
          },
          "private": "eyJlMmJmYjczMC1lY2FhLTExZTYtOGY4OC0zNDM2M2JjN2M0YzAiOnsiY3JlYXRlIjo2MDAwMDAwMDAwMDAsImRlbGV0ZSI6NjAwMDAwMDAwMDAwLCJ1cGRhdGUiOjMwMDAwMDAwMDAwMH0sInNjaGVtYV92ZXJzaW9uIjoiMSJ9"
        }
      ]
    }
  ]
}
