{
  "version": 4,
  "terraform_version": "0.14.11",
  "serial": 551,
  "lineage": "92cd2c53-2113-4193-841a-913f21162163",
  "outputs": {
    "external_ip_address_vm_1": {
      "value": "51.250.67.218",
      "type": "string"
    },
    "internal_ip_address_vm_1": {
      "value": "10.10.11.9",
      "type": "string"
    }
  },
  "resources": [
    {
      "mode": "managed",
      "type": "yandex_compute_instance",
      "name": "vm-1",
      "provider": "provider[\"terraform-registry.storage.yandexcloud.net/yandex-cloud/yandex\"]",
      "instances": [
        {
          "schema_version": 1,
          "attributes": {
            "allow_stopping_for_update": null,
            "boot_disk": [
              {
                "auto_delete": true,
                "device_name": "fhm8ja6l5pu1njio2oro",
                "disk_id": "fhm8ja6l5pu1njio2oro",
                "initialize_params": [
                  {
                    "block_size": 4096,
                    "description": "",
                    "image_id": "fd8q0kjl4l1iovds9f29",
                    "name": "",
                    "size": 20,
                    "snapshot_id": "",
                    "type": "network-hdd"
                  }
                ],
                "mode": "READ_WRITE"
              }
            ],
            "created_at": "2023-04-04T19:00:35Z",
            "description": "",
            "folder_id": "b1gupte6966brgu87rp5",
            "fqdn": "fhm9p48va8bjcpovum2p.auto.internal",
            "hostname": "fhm9p48va8bjcpovum2p",
            "id": "fhm9p48va8bjcpovum2p",
            "labels": null,
            "metadata": {
              "serial-port-enable": "1",
              "user-data": "#cloud-config\nusers:\n  - name: redos\n    groups: sudo\n    shell: /bin/bash\n    sudo: ['ALL=(ALL) NOPASSWD:ALL']\n    ssh-authorized-keys:\n      - ssh-rsa AAAAB3NzaC1yc2EAAAADAQABAAABgQCaNNNqSmM3d36JU1k5Iu+KE3+g7Obfpcl6xvpui0VDpYMlNHXb2Z6v8G/lIJvUrnD3mJhKGORw2D0s5yJBFbw5tHeNoeCFHeEtJhsP1U9h2JBLdsjx75aFDbvPR3h3R+xI8u1ZbEuFUMmJgGd7Zw7XUp6obJ0TdkTJigKUgsMWcob3jvsHy40KZCq4rKUBcwCddKQrQQjv94a2k5TbZHvkteYwQx+uJnxETv3kjtOQHtgeJbDsvpTqk0K8r3B7Bk5Pkd1RXEqROj0iKbKw4w4Zbpbz3FYbjO82DEUvO69ju+4BOR2Ci1WGWDmVppMDpHPVy+upwxHWa8n+GzN8yshAMmn1gQd/VPeP9KtW+ElHDVn8gFWHENAnyPOU90bJpcnz+uXBcmLYabV5/1iiq8z1im79T5Jb8WzAPF7w9NCE8YqaET07/+kswcflEZ9hkkHD9A4EoC8ZScLs7ey4VMXFicB9DhLE/mozq9Lq3Iwk2fc2oYePiLtG1kuXMfrRYMc= yuriy@jh"
            },
            "name": "noc-node-redos-16",
            "network_acceleration_type": "standard",
            "network_interface": [
              {
                "dns_record": [],
                "index": 0,
                "ip_address": "10.10.11.9",
                "ipv4": true,
                "ipv6": false,
                "ipv6_address": "",
                "ipv6_dns_record": [],
                "mac_address": "d0:0d:9c:91:1f:52",
                "nat": true,
                "nat_dns_record": [],
                "nat_ip_address": "51.250.67.218",
                "nat_ip_version": "IPV4",
                "security_group_ids": [],
                "subnet_id": "e9bbooro15b4mahufr34"
              }
            ],
            "placement_policy": [
              {
                "placement_group_id": ""
              }
            ],
            "platform_id": "standard-v2",
            "resources": [
              {
                "core_fraction": 100,
                "cores": 4,
                "gpus": 0,
                "memory": 8
              }
            ],
            "scheduling_policy": [
              {
                "preemptible": true
              }
            ],
            "secondary_disk": [],
            "service_account_id": "",
            "status": "running",
            "timeouts": {
              "create": "10m",
              "delete": "10m",
              "update": null
            },
            "zone": "ru-central1-a"
          },
          "sensitive_attributes": [],
          "private": "eyJlMmJmYjczMC1lY2FhLTExZTYtOGY4OC0zNDM2M2JjN2M0YzAiOnsiY3JlYXRlIjo2MDAwMDAwMDAwMDAsImRlbGV0ZSI6NjAwMDAwMDAwMDAwLCJ1cGRhdGUiOjMwMDAwMDAwMDAwMH0sInNjaGVtYV92ZXJzaW9uIjoiMSJ9"
        }
      ]
    }
  ]
}
